// !$*UTF8*$!
{
	archiveVersion = 1;
	classes = {
	};
	objectVersion = 46;
	objects = {

/* Begin PBXBuildFile section */
		33F52BEA1AE0AA040060F9DE /* AppDelegate.swift in Sources */ = {isa = PBXBuildFile; fileRef = 33F52BE91AE0AA040060F9DE /* AppDelegate.swift */; };
		33F52BEC1AE0AA040060F9DE /* ViewController.swift in Sources */ = {isa = PBXBuildFile; fileRef = 33F52BEB1AE0AA040060F9DE /* ViewController.swift */; };
		33F52BEF1AE0AA040060F9DE /* Main.storyboard in Resources */ = {isa = PBXBuildFile; fileRef = 33F52BED1AE0AA040060F9DE /* Main.storyboard */; };
		33F52BF11AE0AA040060F9DE /* Images.xcassets in Resources */ = {isa = PBXBuildFile; fileRef = 33F52BF01AE0AA040060F9DE /* Images.xcassets */; };
		33F52BF41AE0AA040060F9DE /* LaunchScreen.xib in Resources */ = {isa = PBXBuildFile; fileRef = 33F52BF21AE0AA040060F9DE /* LaunchScreen.xib */; };
		33F52C001AE0AA040060F9DE /* SwiftCounterTimerTests.swift in Sources */ = {isa = PBXBuildFile; fileRef = 33F52BFF1AE0AA040060F9DE /* SwiftCounterTimerTests.swift */; };
		33F52C0C1AE0E4300060F9DE /* BinaryIntValuePicker.swift in Sources */ = {isa = PBXBuildFile; fileRef = 33F52C0B1AE0E4300060F9DE /* BinaryIntValuePicker.swift */; };
/* End PBXBuildFile section */

/* Begin PBXContainerItemProxy section */
		33F52BFA1AE0AA040060F9DE /* PBXContainerItemProxy */ = {
			isa = PBXContainerItemProxy;
			containerPortal = 33F52BDC1AE0AA040060F9DE /* Project object */;
			proxyType = 1;
			remoteGlobalIDString = 33F52BE31AE0AA040060F9DE;
			remoteInfo = SwiftCounterTimer;
		};
/* End PBXContainerItemProxy section */

/* Begin PBXFileReference section */
		33F52BE41AE0AA040060F9DE /* SwiftCounterTimer.app */ = {isa = PBXFileReference; explicitFileType = wrapper.application; includeInIndex = 0; path = SwiftCounterTimer.app; sourceTree = BUILT_PRODUCTS_DIR; };
		33F52BE81AE0AA040060F9DE /* Info.plist */ = {isa = PBXFileReference; lastKnownFileType = text.plist.xml; path = Info.plist; sourceTree = "<group>"; };
		33F52BE91AE0AA040060F9DE /* AppDelegate.swift */ = {isa = PBXFileReference; lastKnownFileType = sourcecode.swift; path = AppDelegate.swift; sourceTree = "<group>"; };
		33F52BEB1AE0AA040060F9DE /* ViewController.swift */ = {isa = PBXFileReference; lastKnownFileType = sourcecode.swift; path = ViewController.swift; sourceTree = "<group>"; };
		33F52BEE1AE0AA040060F9DE /* Base */ = {isa = PBXFileReference; lastKnownFileType = file.storyboard; name = Base; path = Base.lproj/Main.storyboard; sourceTree = "<group>"; };
		33F52BF01AE0AA040060F9DE /* Images.xcassets */ = {isa = PBXFileReference; lastKnownFileType = folder.assetcatalog; path = Images.xcassets; sourceTree = "<group>"; };
		33F52BF31AE0AA040060F9DE /* Base */ = {isa = PBXFileReference; lastKnownFileType = file.xib; name = Base; path = Base.lproj/LaunchScreen.xib; sourceTree = "<group>"; };
		33F52BF91AE0AA040060F9DE /* SwiftCounterTimerTests.xctest */ = {isa = PBXFileReference; explicitFileType = wrapper.cfbundle; includeInIndex = 0; path = SwiftCounterTimerTests.xctest; sourceTree = BUILT_PRODUCTS_DIR; };
		33F52BFE1AE0AA040060F9DE /* Info.plist */ = {isa = PBXFileReference; lastKnownFileType = text.plist.xml; path = Info.plist; sourceTree = "<group>"; };
		33F52BFF1AE0AA040060F9DE /* SwiftCounterTimerTests.swift */ = {isa = PBXFileReference; lastKnownFileType = sourcecode.swift; path = SwiftCounterTimerTests.swift; sourceTree = "<group>"; };
		33F52C0B1AE0E4300060F9DE /* BinaryIntValuePicker.swift */ = {isa = PBXFileReference; fileEncoding = 4; lastKnownFileType = sourcecode.swift; path = BinaryIntValuePicker.swift; sourceTree = "<group>"; };
/* End PBXFileReference section */

/* Begin PBXFrameworksBuildPhase section */
		33F52BE11AE0AA040060F9DE /* Frameworks */ = {
			isa = PBXFrameworksBuildPhase;
			buildActionMask = 2147483647;
			files = (
			);
			runOnlyForDeploymentPostprocessing = 0;
		};
		33F52BF61AE0AA040060F9DE /* Frameworks */ = {
			isa = PBXFrameworksBuildPhase;
			buildActionMask = 2147483647;
			files = (
			);
			runOnlyForDeploymentPostprocessing = 0;
		};
/* End PBXFrameworksBuildPhase section */

/* Begin PBXGroup section */
		33F52BDB1AE0AA040060F9DE = {
			isa = PBXGroup;
			children = (
				33F52BE61AE0AA040060F9DE /* SwiftCounterTimer */,
				33F52BFC1AE0AA040060F9DE /* SwiftCounterTimerTests */,
				33F52BE51AE0AA040060F9DE /* Products */,
			);
			sourceTree = "<group>";
		};
		33F52BE51AE0AA040060F9DE /* Products */ = {
			isa = PBXGroup;
			children = (
				33F52BE41AE0AA040060F9DE /* SwiftCounterTimer.app */,
				33F52BF91AE0AA040060F9DE /* SwiftCounterTimerTests.xctest */,
			);
			name = Products;
			sourceTree = "<group>";
		};
		33F52BE61AE0AA040060F9DE /* SwiftCounterTimer */ = {
			isa = PBXGroup;
			children = (
				33F52BE91AE0AA040060F9DE /* AppDelegate.swift */,
				33F52BEB1AE0AA040060F9DE /* ViewController.swift */,
				33F52C0B1AE0E4300060F9DE /* BinaryIntValuePicker.swift */,
				33F52BED1AE0AA040060F9DE /* Main.storyboard */,
				33F52BF01AE0AA040060F9DE /* Images.xcassets */,
				33F52BF21AE0AA040060F9DE /* LaunchScreen.xib */,
				33F52BE71AE0AA040060F9DE /* Supporting Files */,
			);
			path = SwiftCounterTimer;
			sourceTree = "<group>";
		};
		33F52BE71AE0AA040060F9DE /* Supporting Files */ = {
			isa = PBXGroup;
			children = (
				33F52BE81AE0AA040060F9DE /* Info.plist */,
			);
			name = "Supporting Files";
			sourceTree = "<group>";
		};
		33F52BFC1AE0AA040060F9DE /* SwiftCounterTimerTests */ = {
			isa = PBXGroup;
			children = (
				33F52BFF1AE0AA040060F9DE /* SwiftCounterTimerTests.swift */,
				33F52BFD1AE0AA040060F9DE /* Supporting Files */,
			);
			path = SwiftCounterTimerTests;
			sourceTree = "<group>";
		};
		33F52BFD1AE0AA040060F9DE /* Supporting Files */ = {
			isa = PBXGroup;
			children = (
				33F52BFE1AE0AA040060F9DE /* Info.plist */,
			);
			name = "Supporting Files";
			sourceTree = "<group>";
		};
/* End PBXGroup section */

/* Begin PBXNativeTarget section */
		33F52BE31AE0AA040060F9DE /* SwiftCounterTimer */ = {
			isa = PBXNativeTarget;
			buildConfigurationList = 33F52C031AE0AA040060F9DE /* Build configuration list for PBXNativeTarget "SwiftCounterTimer" */;
			buildPhases = (
				33F52BE01AE0AA040060F9DE /* Sources */,
				33F52BE11AE0AA040060F9DE /* Frameworks */,
				33F52BE21AE0AA040060F9DE /* Resources */,
			);
			buildRules = (
			);
			dependencies = (
			);
			name = SwiftCounterTimer;
			productName = SwiftCounterTimer;
			productReference = 33F52BE41AE0AA040060F9DE /* SwiftCounterTimer.app */;
			productType = "com.apple.product-type.application";
		};
		33F52BF81AE0AA040060F9DE /* SwiftCounterTimerTests */ = {
			isa = PBXNativeTarget;
			buildConfigurationList = 33F52C061AE0AA040060F9DE /* Build configuration list for PBXNativeTarget "SwiftCounterTimerTests" */;
			buildPhases = (
				33F52BF51AE0AA040060F9DE /* Sources */,
				33F52BF61AE0AA040060F9DE /* Frameworks */,
				33F52BF71AE0AA040060F9DE /* Resources */,
			);
			buildRules = (
			);
			dependencies = (
				33F52BFB1AE0AA040060F9DE /* PBXTargetDependency */,
			);
			name = SwiftCounterTimerTests;
			productName = SwiftCounterTimerTests;
			productReference = 33F52BF91AE0AA040060F9DE /* SwiftCounterTimerTests.xctest */;
			productType = "com.apple.product-type.bundle.unit-test";
		};
/* End PBXNativeTarget section */

/* Begin PBXProject section */
		33F52BDC1AE0AA040060F9DE /* Project object */ = {
			isa = PBXProject;
			attributes = {
				LastUpgradeCheck = 0610;
				ORGANIZATIONNAME = LiuScott;
				TargetAttributes = {
					33F52BE31AE0AA040060F9DE = {
						CreatedOnToolsVersion = 6.1.1;
					};
					33F52BF81AE0AA040060F9DE = {
						CreatedOnToolsVersion = 6.1.1;
						TestTargetID = 33F52BE31AE0AA040060F9DE;
					};
				};
			};
			buildConfigurationList = 33F52BDF1AE0AA040060F9DE /* Build configuration list for PBXProject "SwiftCounterTimer" */;
			compatibilityVersion = "Xcode 3.2";
			developmentRegion = English;
			hasScannedForEncodings = 0;
			knownRegions = (
				en,
				Base,
			);
			mainGroup = 33F52BDB1AE0AA040060F9DE;
			productRefGroup = 33F52BE51AE0AA040060F9DE /* Products */;
			projectDirPath = "";
			projectRoot = "";
			targets = (
				33F52BE31AE0AA040060F9DE /* SwiftCounterTimer */,
				33F52BF81AE0AA040060F9DE /* SwiftCounterTimerTests */,
			);
		};
/* End PBXProject section */

/* Begin PBXResourcesBuildPhase section */
		33F52BE21AE0AA040060F9DE /* Resources */ = {
			isa = PBXResourcesBuildPhase;
			buildActionMask = 2147483647;
			files = (
				33F52BEF1AE0AA040060F9DE /* Main.storyboard in Resources */,
				33F52BF41AE0AA040060F9DE /* LaunchScreen.xib in Resources */,
				33F52BF11AE0AA040060F9DE /* Images.xcassets in Resources */,
			);
			runOnlyForDeploymentPostprocessing = 0;
		};
		33F52BF71AE0AA040060F9DE /* Resources */ = {
			isa = PBXResourcesBuildPhase;
			buildActionMask = 2147483647;
			files = (
			);
			runOnlyForDeploymentPostprocessing = 0;
		};
/* End PBXResourcesBuildPhase section */

/* Begin PBXSourcesBuildPhase section */
		33F52BE01AE0AA040060F9DE /* Sources */ = {
			isa = PBXSourcesBuildPhase;
			buildActionMask = 2147483647;
			files = (
				33F52BEC1AE0AA040060F9DE /* ViewController.swift in Sources */,
				33F52C0C1AE0E4300060F9DE /* BinaryIntValuePicker.swift in Sources */,
				33F52BEA1AE0AA040060F9DE /* AppDelegate.swift in Sources */,
			);
			runOnlyForDeploymentPostprocessing = 0;
		};
		33F52BF51AE0AA040060F9DE /* Sources */ = {
			isa = PBXSourcesBuildPhase;
			buildActionMask = 2147483647;
			files = (
				33F52C001AE0AA040060F9DE /* SwiftCounterTimerTests.swift in Sources */,
			);
			runOnlyForDeploymentPostprocessing = 0;
		};
/* End PBXSourcesBuildPhase section */

/* Begin PBXTargetDependency section */
		33F52BFB1AE0AA040060F9DE /* PBXTargetDependency */ = {
			isa = PBXTargetDependency;
			target = 33F52BE31AE0AA040060F9DE /* SwiftCounterTimer */;
			targetProxy = 33F52BFA1AE0AA040060F9DE /* PBXContainerItemProxy */;
		};
/* End PBXTargetDependency section */

/* Begin PBXVariantGroup section */
		33F52BED1AE0AA040060F9DE /* Main.storyboard */ = {
			isa = PBXVariantGroup;
			children = (
				33F52BEE1AE0AA040060F9DE /* Base */,
			);
			name = Main.storyboard;
			sourceTree = "<group>";
		};
		33F52BF21AE0AA040060F9DE /* LaunchScreen.xib */ = {
			isa = PBXVariantGroup;
			children = (
				33F52BF31AE0AA040060F9DE /* Base */,
			);
			name = LaunchScreen.xib;
			sourceTree = "<group>";
		};
/* End PBXVariantGroup section */

/* Begin XCBuildConfiguration section */
		33F52C011AE0AA040060F9DE /* Debug */ = {
			isa = XCBuildConfiguration;
			buildSettings = {
				ALWAYS_SEARCH_USER_PATHS = NO;
				CLANG_CXX_LANGUAGE_STANDARD = "gnu++0x";
				CLANG_CXX_LIBRARY = "libc++";
				CLANG_ENABLE_MODULES = YES;
				CLANG_ENABLE_OBJC_ARC = YES;
				CLANG_WARN_BOOL_CONVERSION = YES;
				CLANG_WARN_CONSTANT_CONVERSION = YES;
				CLANG_WARN_DIRECT_OBJC_ISA_USAGE = YES_ERROR;
				CLANG_WARN_EMPTY_BODY = YES;
				CLANG_WARN_ENUM_CONVERSION = YES;
				CLANG_WARN_INT_CONVERSION = YES;
				CLANG_WARN_OBJC_ROOT_CLASS = YES_ERROR;
				CLANG_WARN_UNREACHABLE_CODE = YES;
				CLANG_WARN__DUPLICATE_METHOD_MATCH = YES;
				"CODE_SIGN_IDENTITY[sdk=iphoneos*]" = "iPhone Developer";
				COPY_PHASE_STRIP = NO;
				ENABLE_STRICT_OBJC_MSGSEND = YES;
				GCC_C_LANGUAGE_STANDARD = gnu99;
				GCC_DYNAMIC_NO_PIC = NO;
				GCC_OPTIMIZATION_LEVEL = 0;
				GCC_PREPROCESSOR_DEFINITIONS = (
					"DEBUG=1",
					"$(inherited)",
				);
				GCC_SYMBOLS_PRIVATE_EXTERN = NO;
				GCC_WARN_64_TO_32_BIT_CONVERSION = YES;
				GCC_WARN_ABOUT_RETURN_TYPE = YES_ERROR;
				GCC_WARN_UNDECLARED_SELECTOR = YES;
				GCC_WARN_UNINITIALIZED_AUTOS = YES_AGGRESSIVE;
				GCC_WARN_UNUSED_FUNCTION = YES;
				GCC_WARN_UNUSED_VARIABLE = YES;
				IPHONEOS_DEPLOYMENT_TARGET = 8.1;
				MTL_ENABLE_DEBUG_INFO = YES;
				ONLY_ACTIVE_ARCH = YES;
				SDKROOT = iphoneos;
				SWIFT_OPTIMIZATION_LEVEL = "-Onone";
				TARGETED_DEVICE_FAMILY = "1,2";
			};
			name = Debug;
		};
		33F52C021AE0AA040060F9DE /* Release */ = {
			isa = XCBuildConfiguration;
			buildSettings = {
				ALWAYS_SEARCH_USER_PATHS = NO;
				CLANG_CXX_LANGUAGE_STANDARD = "gnu++0x";
				CLANG_CXX_LIBRARY = "libc++";
				CLANG_ENABLE_MODULES = YES;
				CLANG_ENABLE_OBJC_ARC = YES;
				CLANG_WARN_BOOL_CONVERSION = YES;
				CLANG_WARN_CONSTANT_CONVERSION = YES;
				CLANG_WARN_DIRECT_OBJC_ISA_USAGE = YES_ERROR;
				CLANG_WARN_EMPTY_BODY = YES;
				CLANG_WARN_ENUM_CONVERSION = YES;
				CLANG_WARN_INT_CONVERSION = YES;
				CLANG_WARN_OBJC_ROOT_CLASS = YES_ERROR;
				CLANG_WARN_UNREACHABLE_CODE = YES;
				CLANG_WARN__DUPLICATE_METHOD_MATCH = YES;
				"CODE_SIGN_IDENTITY[sdk=iphoneos*]" = "iPhone Developer";
				COPY_PHASE_STRIP = YES;
				ENABLE_NS_ASSERTIONS = NO;
				ENABLE_STRICT_OBJC_MSGSEND = YES;
				GCC_C_LANGUAGE_STANDARD = gnu99;
				GCC_WARN_64_TO_32_BIT_CONVERSION = YES;
				GCC_WARN_ABOUT_RETURN_TYPE = YES_ERROR;
				GCC_WARN_UNDECLARED_SELECTOR = YES;
				GCC_WARN_UNINITIALIZED_AUTOS = YES_AGGRESSIVE;
				GCC_WARN_UNUSED_FUNCTION = YES;
				GCC_WARN_UNUSED_VARIABLE = YES;
				IPHONEOS_DEPLOYMENT_TARGET = 8.1;
				MTL_ENABLE_DEBUG_INFO = NO;
				SDKROOT = iphoneos;
				TARGETED_DEVICE_FAMILY = "1,2";
				VALIDATE_PRODUCT = YES;
			};
			name = Release;
		};
		33F52C041AE0AA040060F9DE /* Debug */ = {
			isa = XCBuildConfiguration;
			buildSettings = {
				ASSETCATALOG_COMPILER_APPICON_NAME = AppIcon;
				INFOPLIST_FILE = SwiftCounterTimer/Info.plist;
				LD_RUNPATH_SEARCH_PATHS = "$(inherited) @executable_path/Frameworks";
				PRODUCT_NAME = "$(TARGET_NAME)";
			};
			name = Debug;
		};
		33F52C051AE0AA040060F9DE /* Release */ = {
			isa = XCBuildConfiguration;
			buildSettings = {
				ASSETCATALOG_COMPILER_APPICON_NAME = AppIcon;
				INFOPLIST_FILE = SwiftCounterTimer/Info.plist;
				LD_RUNPATH_SEARCH_PATHS = "$(inherited) @executable_path/Frameworks";
				PRODUCT_NAME = "$(TARGET_NAME)";
			};
			name = Release;
		};
		33F52C071AE0AA040060F9DE /* Debug */ = {
			isa = XCBuildConfiguration;
			buildSettings = {
				BUNDLE_LOADER = "$(TEST_HOST)";
				FRAMEWORK_SEARCH_PATHS = (
					"$(SDKROOT)/Developer/Library/Frameworks",
					"$(inherited)",
				);
				GCC_PREPROCESSOR_DEFINITIONS = (
					"DEBUG=1",
					"$(inherited)",
				);
				INFOPLIST_FILE = SwiftCounterTimerTests/Info.plist;
				LD_RUNPATH_SEARCH_PATHS = "$(inherited) @executable_path/Frameworks @loader_path/Frameworks";
				PRODUCT_NAME = "$(TARGET_NAME)";
				TEST_HOST = "$(BUILT_PRODUCTS_DIR)/SwiftCounterTimer.app/SwiftCounterTimer";
			};
			name = Debug;
		};
		33F52C081AE0AA040060F9DE /* Release */ = {
			isa = XCBuildConfiguration;
			buildSettings = {
				BUNDLE_LOADER = "$(TEST_HOST)";
				FRAMEWORK_SEARCH_PATHS = (
					"$(SDKROOT)/Developer/Library/Frameworks",
					"$(inherited)",
				);
				INFOPLIST_FILE = SwiftCounterTimerTests/Info.plist;
				LD_RUNPATH_SEARCH_PATHS = "$(inherited) @executable_path/Frameworks @loader_path/Frameworks";
				PRODUCT_NAME = "$(TARGET_NAME)";
				TEST_HOST = "$(BUILT_PRODUCTS_DIR)/SwiftCounterTimer.app/SwiftCounterTimer";
			};
			name = Release;
		};
/* End XCBuildConfiguration section */

/* Begin XCConfigurationList section */
		33F52BDF1AE0AA040060F9DE /* Build configuration list for PBXProject "SwiftCounterTimer" */ = {
			isa = XCConfigurationList;
			buildConfigurations = (
				33F52C011AE0AA040060F9DE /* Debug */,
				33F52C021AE0AA040060F9DE /* Release */,
			);
			defaultConfigurationIsVisible = 0;
			defaultConfigurationName = Release;
		};
		33F52C031AE0AA040060F9DE /* Build configuration list for PBXNativeTarget "SwiftCounterTimer" */ = {
			isa = XCConfigurationList;
			buildConfigurations = (
				33F52C041AE0AA040060F9DE /* Debug */,
				33F52C051AE0AA040060F9DE /* Release */,
			);
			defaultConfigurationIsVisible = 0;
		};
		33F52C061AE0AA040060F9DE /* Build configuration list for PBXNativeTarget "SwiftCounterTimerTests" */ = {
			isa = XCConfigurationList;
			buildConfigurations = (
				33F52C071AE0AA040060F9DE /* Debug */,
				33F52C081AE0AA040060F9DE /* Release */,
			);
			defaultConfigurationIsVisible = 0;
		};
/* End XCConfigurationList section */
	};
	rootObject = 33F52BDC1AE0AA040060F9DE /* Project object */;
}
